// !$*UTF8*$!
{
	archiveVersion = 1;
	classes = {
	};
	objectVersion = 50;
	objects = {

/* Begin PBXBuildFile section */
		839ACA392427D04400D0C2EF /* AppDelegate.swift in Sources */ = {isa = PBXBuildFile; fileRef = 839ACA382427D04400D0C2EF /* AppDelegate.swift */; };
		839ACA3B2427D04400D0C2EF /* SceneDelegate.swift in Sources */ = {isa = PBXBuildFile; fileRef = 839ACA3A2427D04400D0C2EF /* SceneDelegate.swift */; };
		839ACA3D2427D04400D0C2EF /* ViewController.swift in Sources */ = {isa = PBXBuildFile; fileRef = 839ACA3C2427D04400D0C2EF /* ViewController.swift */; };
		839ACA402427D04400D0C2EF /* Main.storyboard in Resources */ = {isa = PBXBuildFile; fileRef = 839ACA3E2427D04400D0C2EF /* Main.storyboard */; };
		839ACA422427D04600D0C2EF /* Assets.xcassets in Resources */ = {isa = PBXBuildFile; fileRef = 839ACA412427D04600D0C2EF /* Assets.xcassets */; };
		839ACA452427D04600D0C2EF /* LaunchScreen.storyboard in Resources */ = {isa = PBXBuildFile; fileRef = 839ACA432427D04600D0C2EF /* LaunchScreen.storyboard */; };
/* End PBXBuildFile section */

/* Begin PBXFileReference section */
		839ACA352427D04400D0C2EF /* I AM RICH.app */ = {isa = PBXFileReference; explicitFileType = wrapper.application; includeInIndex = 0; path = "I AM RICH.app"; sourceTree = BUILT_PRODUCTS_DIR; };
		839ACA382427D04400D0C2EF /* AppDelegate.swift */ = {isa = PBXFileReference; lastKnownFileType = sourcecode.swift; path = AppDelegate.swift; sourceTree = "<group>"; };
		839ACA3A2427D04400D0C2EF /* SceneDelegate.swift */ = {isa = PBXFileReference; lastKnownFileType = sourcecode.swift; path = SceneDelegate.swift; sourceTree = "<group>"; };
		839ACA3C2427D04400D0C2EF /* ViewController.swift */ = {isa = PBXFileReference; lastKnownFileType = sourcecode.swift; path = ViewController.swift; sourceTree = "<group>"; };
		839ACA3F2427D04400D0C2EF /* Base */ = {isa = PBXFileReference; lastKnownFileType = file.storyboard; name = Base; path = Base.lproj/Main.storyboard; sourceTree = "<group>"; };
		839ACA412427D04600D0C2EF /* Assets.xcassets */ = {isa = PBXFileReference; lastKnownFileType = folder.assetcatalog; path = Assets.xcassets; sourceTree = "<group>"; };
		839ACA442427D04600D0C2EF /* Base */ = {isa = PBXFileReference; lastKnownFileType = file.storyboard; name = Base; path = Base.lproj/LaunchScreen.storyboard; sourceTree = "<group>"; };
		839ACA462427D04600D0C2EF /* Info.plist */ = {isa = PBXFileReference; lastKnownFileType = text.plist.xml; path = Info.plist; sourceTree = "<group>"; };
/* End PBXFileReference section */

/* Begin PBXFrameworksBuildPhase section */
		839ACA322427D04400D0C2EF /* Frameworks */ = {
			isa = PBXFrameworksBuildPhase;
			buildActionMask = 2147483647;
			files = (
			);
			runOnlyForDeploymentPostprocessing = 0;
		};
/* End PBXFrameworksBuildPhase section */

/* Begin PBXGroup section */
		839ACA2C2427D04400D0C2EF = {
			isa = PBXGroup;
			children = (
				839ACA372427D04400D0C2EF /* I AM RICH */,
				839ACA362427D04400D0C2EF /* Products */,
			);
			sourceTree = "<group>";
		};
		839ACA362427D04400D0C2EF /* Products */ = {
			isa = PBXGroup;
			children = (
				839ACA352427D04400D0C2EF /* I AM RICH.app */,
			);
			name = Products;
			sourceTree = "<group>";
		};
		839ACA372427D04400D0C2EF /* I AM RICH */ = {
			isa = PBXGroup;
			children = (
				839ACA382427D04400D0C2EF /* AppDelegate.swift */,
				839ACA3A2427D04400D0C2EF /* SceneDelegate.swift */,
				839ACA3C2427D04400D0C2EF /* ViewController.swift */,
				839ACA3E2427D04400D0C2EF /* Main.storyboard */,
				839ACA412427D04600D0C2EF /* Assets.xcassets */,
				839ACA432427D04600D0C2EF /* LaunchScreen.storyboard */,
				839ACA462427D04600D0C2EF /* Info.plist */,
			);
			path = "I AM RICH";
			sourceTree = "<group>";
		};
/* End PBXGroup section */

/* Begin PBXNativeTarget section */
		839ACA342427D04400D0C2EF /* I AM RICH */ = {
			isa = PBXNativeTarget;
			buildConfigurationList = 839ACA492427D04600D0C2EF /* Build configuration list for PBXNativeTarget "I AM RICH" */;
			buildPhases = (
				839ACA312427D04400D0C2EF /* Sources */,
				839ACA322427D04400D0C2EF /* Frameworks */,
				839ACA332427D04400D0C2EF /* Resources */,
			);
			buildRules = (
			);
			dependencies = (
			);
			name = "I AM RICH";
			productName = "I AM RICH";
			productReference = 839ACA352427D04400D0C2EF /* I AM RICH.app */;
			productType = "com.apple.product-type.application";
		};
/* End PBXNativeTarget section */

/* Begin PBXProject section */
		839ACA2D2427D04400D0C2EF /* Project object */ = {
			isa = PBXProject;
			attributes = {
				LastSwiftUpdateCheck = 1130;
				LastUpgradeCheck = 1130;
				ORGANIZATIONNAME = "Nandini Aggarwal";
				TargetAttributes = {
					839ACA342427D04400D0C2EF = {
						CreatedOnToolsVersion = 11.3;
					};
				};
			};
			buildConfigurationList = 839ACA302427D04400D0C2EF /* Build configuration list for PBXProject "I AM RICH" */;
			compatibilityVersion = "Xcode 9.3";
			developmentRegion = en;
			hasScannedForEncodings = 0;
			knownRegions = (
				en,
				Base,
			);
			mainGroup = 839ACA2C2427D04400D0C2EF;
			productRefGroup = 839ACA362427D04400D0C2EF /* Products */;
			projectDirPath = "";
			projectRoot = "";
			targets = (
				839ACA342427D04400D0C2EF /* I AM RICH */,
			);
		};
/* End PBXProject section */

/* Begin PBXResourcesBuildPhase section */
		839ACA332427D04400D0C2EF /* Resources */ = {
			isa = PBXResourcesBuildPhase;
			buildActionMask = 2147483647;
			files = (
				839ACA452427D04600D0C2EF /* LaunchScreen.storyboard in Resources */,
				839ACA422427D04600D0C2EF /* Assets.xcassets in Resources */,
				839ACA402427D04400D0C2EF /* Main.storyboard in Resources */,
			);
			runOnlyForDeploymentPostprocessing = 0;
		};
/* End PBXResourcesBuildPhase section */

/* Begin PBXSourcesBuildPhase section */
		839ACA312427D04400D0C2EF /* Sources */ = {
			isa = PBXSourcesBuildPhase;
			buildActionMask = 2147483647;
			files = (
				839ACA3D2427D04400D0C2EF /* ViewController.swift in Sources */,
				839ACA392427D04400D0C2EF /* AppDelegate.swift in Sources */,
				839ACA3B2427D04400D0C2EF /* SceneDelegate.swift in Sources */,
			);
			runOnlyForDeploymentPostprocessing = 0;
		};
/* End PBXSourcesBuildPhase section */

/* Begin PBXVariantGroup section */
		839ACA3E2427D04400D0C2EF /* Main.storyboard */ = {
			isa = PBXVariantGroup;
			children = (
				839ACA3F2427D04400D0C2EF /* Base */,
			);
			name = Main.storyboard;
			sourceTree = "<group>";
		};
		839ACA432427D04600D0C2EF /* LaunchScreen.storyboard */ = {
			isa = PBXVariantGroup;
			children = (
				839ACA442427D04600D0C2EF /* Base */,
			);
			name = LaunchScreen.storyboard;
			sourceTree = "<group>";
		};
/* End PBXVariantGroup section */

/* Begin XCBuildConfiguration section */
		839ACA472427D04600D0C2EF /* Debug */ = {
			isa = XCBuildConfiguration;
			buildSettings = {
				ALWAYS_SEARCH_USER_PATHS = NO;
				CLANG_ANALYZER_NONNULL = YES;
				CLANG_ANALYZER_NUMBER_OBJECT_CONVERSION = YES_AGGRESSIVE;
				CLANG_CXX_LANGUAGE_STANDARD = "gnu++14";
				CLANG_CXX_LIBRARY = "libc++";
				CLANG_ENABLE_MODULES = YES;
				CLANG_ENABLE_OBJC_ARC = YES;
				CLANG_ENABLE_OBJC_WEAK = YES;
				CLANG_WARN_BLOCK_CAPTURE_AUTORELEASING = YES;
				CLANG_WARN_BOOL_CONVERSION = YES;
				CLANG_WARN_COMMA = YES;
				CLANG_WARN_CONSTANT_CONVERSION = YES;
				CLANG_WARN_DEPRECATED_OBJC_IMPLEMENTATIONS = YES;
				CLANG_WARN_DIRECT_OBJC_ISA_USAGE = YES_ERROR;
				CLANG_WARN_DOCUMENTATION_COMMENTS = YES;
				CLANG_WARN_EMPTY_BODY = YES;
				CLANG_WARN_ENUM_CONVERSION = YES;
				CLANG_WARN_INFINITE_RECURSION = YES;
				CLANG_WARN_INT_CONVERSION = YES;
				CLANG_WARN_NON_LITERAL_NULL_CONVERSION = YES;
				CLANG_WARN_OBJC_IMPLICIT_RETAIN_SELF = YES;
				CLANG_WARN_OBJC_LITERAL_CONVERSION = YES;
				CLANG_WARN_OBJC_ROOT_CLASS = YES_ERROR;
				CLANG_WARN_RANGE_LOOP_ANALYSIS = YES;
				CLANG_WARN_STRICT_PROTOTYPES = YES;
				CLANG_WARN_SUSPICIOUS_MOVE = YES;
				CLANG_WARN_UNGUARDED_AVAILABILITY = YES_AGGRESSIVE;
				CLANG_WARN_UNREACHABLE_CODE = YES;
				CLANG_WARN__DUPLICATE_METHOD_MATCH = YES;
				COPY_PHASE_STRIP = NO;
				DEBUG_INFORMATION_FORMAT = dwarf;
				ENABLE_STRICT_OBJC_MSGSEND = YES;
				ENABLE_TESTABILITY = YES;
				GCC_C_LANGUAGE_STANDARD = gnu11;
				GCC_DYNAMIC_NO_PIC = NO;
				GCC_NO_COMMON_BLOCKS = YES;
				GCC_OPTIMIZATION_LEVEL = 0;
				GCC_PREPROCESSOR_DEFINITIONS = (
					"DEBUG=1",
					"$(inherited)",
				);
				GCC_WARN_64_TO_32_BIT_CONVERSION = YES;
				GCC_WARN_ABOUT_RETURN_TYPE = YES_ERROR;
				GCC_WARN_UNDECLARED_SELECTOR = YES;
				GCC_WARN_UNINITIALIZED_AUTOS = YES_AGGRESSIVE;
				GCC_WARN_UNUSED_FUNCTION = YES;
				GCC_WARN_UNUSED_VARIABLE = YES;
				IPHONEOS_DEPLOYMENT_TARGET = 13.2;
				MTL_ENABLE_DEBUG_INFO = INCLUDE_SOURCE;
				MTL_FAST_MATH = YES;
				ONLY_ACTIVE_ARCH = YES;
				SDKROOT = iphoneos;
				SWIFT_ACTIVE_COMPILATION_CONDITIONS = DEBUG;
				SWIFT_OPTIMIZATION_LEVEL = "-Onone";
			};
			name = Debug;
		};
		839ACA482427D04600D0C2EF /* Release */ = {
			isa = XCBuildConfiguration;
			buildSettings = {
				ALWAYS_SEARCH_USER_PATHS = NO;
				CLANG_ANALYZER_NONNULL = YES;
				CLANG_ANALYZER_NUMBER_OBJECT_CONVERSION = YES_AGGRESSIVE;
				CLANG_CXX_LANGUAGE_STANDARD = "gnu++14";
				CLANG_CXX_LIBRARY = "libc++";
				CLANG_ENABLE_MODULES = YES;
				CLANG_ENABLE_OBJC_ARC = YES;
				CLANG_ENABLE_OBJC_WEAK = YES;
				CLANG_WARN_BLOCK_CAPTURE_AUTORELEASING = YES;
				CLANG_WARN_BOOL_CONVERSION = YES;
				CLANG_WARN_COMMA = YES;
				CLANG_WARN_CONSTANT_CONVERSION = YES;
				CLANG_WARN_DEPRECATED_OBJC_IMPLEMENTATIONS = YES;
				CLANG_WARN_DIRECT_OBJC_ISA_USAGE = YES_ERROR;
				CLANG_WARN_DOCUMENTATION_COMMENTS = YES;
				CLANG_WARN_EMPTY_BODY = YES;
				CLANG_WARN_ENUM_CONVERSION = YES;
				CLANG_WARN_INFINITE_RECURSION = YES;
				CLANG_WARN_INT_CONVERSION = YES;
				CLANG_WARN_NON_LITERAL_NULL_CONVERSION = YES;
				CLANG_WARN_OBJC_IMPLICIT_RETAIN_SELF = YES;
				CLANG_WARN_OBJC_LITERAL_CONVERSION = YES;
				CLANG_WARN_OBJC_ROOT_CLASS = YES_ERROR;
				CLANG_WARN_RANGE_LOOP_ANALYSIS = YES;
				CLANG_WARN_STRICT_PROTOTYPES = YES;
				CLANG_WARN_SUSPICIOUS_MOVE = YES;
				CLANG_WARN_UNGUARDED_AVAILABILITY = YES_AGGRESSIVE;
				CLANG_WARN_UNREACHABLE_CODE = YES;
				CLANG_WARN__DUPLICATE_METHOD_MATCH = YES;
				COPY_PHASE_STRIP = NO;
				DEBUG_INFORMATION_FORMAT = "dwarf-with-dsym";
				ENABLE_NS_ASSERTIONS = NO;
				ENABLE_STRICT_OBJC_MSGSEND = YES;
				GCC_C_LANGUAGE_STANDARD = gnu11;
				GCC_NO_COMMON_BLOCKS = YES;
				GCC_WARN_64_TO_32_BIT_CONVERSION = YES;
				GCC_WARN_ABOUT_RETURN_TYPE = YES_ERROR;
				GCC_WARN_UNDECLARED_SELECTOR = YES;
				GCC_WARN_UNINITIALIZED_AUTOS = YES_AGGRESSIVE;
				GCC_WARN_UNUSED_FUNCTION = YES;
				GCC_WARN_UNUSED_VARIABLE = YES;
				IPHONEOS_DEPLOYMENT_TARGET = 13.2;
				MTL_ENABLE_DEBUG_INFO = NO;
				MTL_FAST_MATH = YES;
				SDKROOT = iphoneos;
				SWIFT_COMPILATION_MODE = wholemodule;
				SWIFT_OPTIMIZATION_LEVEL = "-O";
				VALIDATE_PRODUCT = YES;
			};
			name = Release;
		};
		839ACA4A2427D04600D0C2EF /* Debug */ = {
			isa = XCBuildConfiguration;
			buildSettings = {
				ASSETCATALOG_COMPILER_APPICON_NAME = AppIcon;
				CODE_SIGN_STYLE = Automatic;
				INFOPLIST_FILE = "I AM RICH/Info.plist";
				LD_RUNPATH_SEARCH_PATHS = (
					"$(inherited)",
					"@executable_path/Frameworks",
				);
				PRODUCT_BUNDLE_IDENTIFIER = "appcookery.I-AM-RICH";
				PRODUCT_NAME = "$(TARGET_NAME)";
				SWIFT_VERSION = 5.0;
				TARGETED_DEVICE_FAMILY = "1,2";
			};
			name = Debug;
		};
		839ACA4B2427D04600D0C2EF /* Release */ = {
			isa = XCBuildConfiguration;
			buildSettings = {
				ASSETCATALOG_COMPILER_APPICON_NAME = AppIcon;
				CODE_SIGN_STYLE = Automatic;
				INFOPLIST_FILE = "I AM RICH/Info.plist";
				LD_RUNPATH_SEARCH_PATHS = (
					"$(inherited)",
					"@executable_path/Frameworks",
				);
				PRODUCT_BUNDLE_IDENTIFIER = "appcookery.I-AM-RICH";
				PRODUCT_NAME = "$(TARGET_NAME)";
				SWIFT_VERSION = 5.0;
				TARGETED_DEVICE_FAMILY = "1,2";
			};
			name = Release;
		};
/* End XCBuildConfiguration section */

/* Begin XCConfigurationList section */
		839ACA302427D04400D0C2EF /* Build configuration list for PBXProject "I AM RICH" */ = {
			isa = XCConfigurationList;
			buildConfigurations = (
				839ACA472427D04600D0C2EF /* Debug */,
				839ACA482427D04600D0C2EF /* Release */,
			);
			defaultConfigurationIsVisible = 0;
			defaultConfigurationName = Release;
		};
		839ACA492427D04600D0C2EF /* Build configuration list for PBXNativeTarget "I AM RICH" */ = {
			isa = XCConfigurationList;
			buildConfigurations = (
				839ACA4A2427D04600D0C2EF /* Debug */,
				839ACA4B2427D04600D0C2EF /* Release */,
			);
			defaultConfigurationIsVisible = 0;
			defaultConfigurationName = Release;
		};
/* End XCConfigurationList section */
	};
	rootObject = 839ACA2D2427D04400D0C2EF /* Project object */;
}
